
Microsoft Visual Studio Solution File, Format Version 12.00
# Visual Studio Version 16
VisualStudioVersion = 16.0.30114.105
MinimumVisualStudioVersion = 10.0.40219.1
Project("{FAE04EC0-301F-11D3-BF4B-00C04F79EFBC}") = "Monline", "Monline\Monline.csproj", "{907DE137-8D3E-4F70-A45D-D7F3B5249BEF}"
EndProject
Project("{FAE04EC0-301F-11D3-BF4B-00C04F79EFBC}") = "Fansi", "Fansi\Fansi.csproj", "{00A3AB81-199F-4252-9F79-C00C00AAE6B6}"
EndProject
Project("{FAE04EC0-301F-11D3-BF4B-00C04F79EFBC}") = "Fansi.Layout", "Fansi.Layout\Fansi.Layout.csproj", "{28B733E1-7825-46C1-8ECE-B587EC68ABDF}"
EndProject
Project("{2150E333-8FDC-42A3-9474-1A3956D46DE8}") = "Tests", "Tests", "{2804D696-5428-4327-B067-3983D3E9A0E1}"
EndProject
Project("{FAE04EC0-301F-11D3-BF4B-00C04F79EFBC}") = "Fansi.Test", "Tests\Fansi\Fansi.Test.csproj", "{E0F689B9-6018-4D1D-83FC-D4C08F4D0FF6}"
EndProject
Project("{2150E333-8FDC-42A3-9474-1A3956D46DE8}") = "Examples", "Examples", "{A27D16EE-CAA7-41C4-BBA8-03E275E7470E}"
EndProject
Project("{FAE04EC0-301F-11D3-BF4B-00C04F79EFBC}") = "FansiDemo", "Examples\FansiDemo\FansiDemo.csproj", "{9A0D6E71-BC04-4044-B191-ABACCB50948B}"
EndProject
Global
	GlobalSection(SolutionConfigurationPlatforms) = preSolution
		Debug|Any CPU = Debug|Any CPU
		Release|Any CPU = Release|Any CPU
	EndGlobalSection
	GlobalSection(SolutionProperties) = preSolution
		HideSolutionNode = FALSE
	EndGlobalSection
	GlobalSection(ProjectConfigurationPlatforms) = postSolution
		{907DE137-8D3E-4F70-A45D-D7F3B5249BEF}.Debug|Any CPU.ActiveCfg = Debug|Any CPU
		{907DE137-8D3E-4F70-A45D-D7F3B5249BEF}.Debug|Any CPU.Build.0 = Debug|Any CPU
		{907DE137-8D3E-4F70-A45D-D7F3B5249BEF}.Release|Any CPU.ActiveCfg = Release|Any CPU
		{907DE137-8D3E-4F70-A45D-D7F3B5249BEF}.Release|Any CPU.Build.0 = Release|Any CPU
		{00A3AB81-199F-4252-9F79-C00C00AAE6B6}.Debug|Any CPU.ActiveCfg = Debug|Any CPU
		{00A3AB81-199F-4252-9F79-C00C00AAE6B6}.Debug|Any CPU.Build.0 = Debug|Any CPU
		{00A3AB81-199F-4252-9F79-C00C00AAE6B6}.Release|Any CPU.ActiveCfg = Release|Any CPU
		{00A3AB81-199F-4252-9F79-C00C00AAE6B6}.Release|Any CPU.Build.0 = Release|Any CPU
		{28B733E1-7825-46C1-8ECE-B587EC68ABDF}.Debug|Any CPU.ActiveCfg = Debug|Any CPU
		{28B733E1-7825-46C1-8ECE-B587EC68ABDF}.Debug|Any CPU.Build.0 = Debug|Any CPU
		{28B733E1-7825-46C1-8ECE-B587EC68ABDF}.Release|Any CPU.ActiveCfg = Release|Any CPU
		{28B733E1-7825-46C1-8ECE-B587EC68ABDF}.Release|Any CPU.Build.0 = Release|Any CPU
		{E0F689B9-6018-4D1D-83FC-D4C08F4D0FF6}.Debug|Any CPU.ActiveCfg = Debug|Any CPU
		{E0F689B9-6018-4D1D-83FC-D4C08F4D0FF6}.Debug|Any CPU.Build.0 = Debug|Any CPU
		{E0F689B9-6018-4D1D-83FC-D4C08F4D0FF6}.Release|Any CPU.ActiveCfg = Release|Any CPU
		{E0F689B9-6018-4D1D-83FC-D4C08F4D0FF6}.Release|Any CPU.Build.0 = Release|Any CPU
		{9A0D6E71-BC04-4044-B191-ABACCB50948B}.Debug|Any CPU.ActiveCfg = Debug|Any CPU
		{9A0D6E71-BC04-4044-B191-ABACCB50948B}.Debug|Any CPU.Build.0 = Debug|Any CPU
		{9A0D6E71-BC04-4044-B191-ABACCB50948B}.Release|Any CPU.ActiveCfg = Release|Any CPU
		{9A0D6E71-BC04-4044-B191-ABACCB50948B}.Release|Any CPU.Build.0 = Release|Any CPU
	EndGlobalSection
	GlobalSection(NestedProjects) = preSolution
		{E0F689B9-6018-4D1D-83FC-D4C08F4D0FF6} = {2804D696-5428-4327-B067-3983D3E9A0E1}
		{9A0D6E71-BC04-4044-B191-ABACCB50948B} = {A27D16EE-CAA7-41C4-BBA8-03E275E7470E}
	EndGlobalSection
EndGlobal
